
Microsoft Visual Studio Solution File, Format Version 12.00
# Visual Studio Version 17
VisualStudioVersion = 17.7.34031.279
MinimumVisualStudioVersion = 10.0.40219.1
Project("{FAE04EC0-301F-11D3-BF4B-00C04F79EFBC}") = "HowToCreateWebAPI", "HowToCreateWebAPI\HowToCreateWebAPI.csproj", "{A2E35DD5-9555-49B8-8428-05B8B716BB5D}"
EndProject
Global
	GlobalSection(SolutionConfigurationPlatforms) = preSolution
		Debug|Any CPU = Debug|Any CPU
		Release|Any CPU = Release|Any CPU
	EndGlobalSection
	GlobalSection(ProjectConfigurationPlatforms) = postSolution
		{A2E35DD5-9555-49B8-8428-05B8B716BB5D}.Debug|Any CPU.ActiveCfg = Debug|Any CPU
		{A2E35DD5-9555-49B8-8428-05B8B716BB5D}.Debug|Any CPU.Build.0 = Debug|Any CPU
		{A2E35DD5-9555-49B8-8428-05B8B716BB5D}.Release|Any CPU.ActiveCfg = Release|Any CPU
		{A2E35DD5-9555-49B8-8428-05B8B716BB5D}.Release|Any CPU.Build.0 = Release|Any CPU
	EndGlobalSection
	GlobalSection(SolutionProperties) = preSolution
		HideSolutionNode = FALSE
	EndGlobalSection
	GlobalSection(ExtensibilityGlobals) = postSolution
		SolutionGuid = {0F586DB1-F025-49B6-A4AC-C9ADD3F4F8E7}
	EndGlobalSection
EndGlobal
